
Microsoft Visual Studio Solution File, Format Version 12.00
# Visual Studio Version 17
VisualStudioVersion = 17.8.34330.188
MinimumVisualStudioVersion = 10.0.40219.1
Project("{FAE04EC0-301F-11D3-BF4B-00C04F79EFBC}") = "AgentaApi", "AgentaApi.csproj", "{201625F4-FD81-46B2-ACB5-24F2C5B062CE}"
EndProject
Global
	GlobalSection(SolutionConfigurationPlatforms) = preSolution
		Debug|Any CPU = Debug|Any CPU
		Release|Any CPU = Release|Any CPU
	EndGlobalSection
	GlobalSection(ProjectConfigurationPlatforms) = postSolution
		{201625F4-FD81-46B2-ACB5-24F2C5B062CE}.Debug|Any CPU.ActiveCfg = Debug|Any CPU
		{201625F4-FD81-46B2-ACB5-24F2C5B062CE}.Debug|Any CPU.Build.0 = Debug|Any CPU
		{201625F4-FD81-46B2-ACB5-24F2C5B062CE}.Release|Any CPU.ActiveCfg = Release|Any CPU
		{201625F4-FD81-46B2-ACB5-24F2C5B062CE}.Release|Any CPU.Build.0 = Release|Any CPU
	EndGlobalSection
	GlobalSection(SolutionProperties) = preSolution
		HideSolutionNode = FALSE
	EndGlobalSection
	GlobalSection(ExtensibilityGlobals) = postSolution
		SolutionGuid = {4B79FF21-7637-45D8-BC7E-43079902C375}
	EndGlobalSection
EndGlobal
